{
  "object": {
    "pins": [
      {
        "package": "BottomSheet",
        "repositoryURL": "https://github.com/danielsaidi/BottomSheet",
        "state": {
          "branch": "master",
          "revision": "c0f7a6b96be5420d02dde586be258b03dff5b455",
          "version": null
        }
      }
    ]
  },
  "version": 1
}
