{
  "object": {
    "pins": [
      {
        "package": "BottomSheet",
        "repositoryURL": "https://github.com/danielsaidi/BottomSheet.git",
        "state": {
          "branch": null,
          "revision": "5a5aa250483690820feb016b7760539938d4fbb6",
          "version": "0.3.0"
        }
      }
    ]
  },
  "version": 1
}
